github.com/farshidtz/senml/v2 v2.0.0 h1:Hk5dyfya2E1KToAzf9NH9jQazvKIbRc14acv/onQ3RE=
github.com/farshidtz/senml/v2 v2.0.0/go.mod h1:MMhV93NbrFzyU1agBEoHRmhrhV/0nxbkMG0wMjyen8E=
github.com/fxamacker/cbor/v2 v2.2.0/go.mod h1:TA1xS00nchWmaBnEIxPSE5oHLuJBAVvqrtAnWBwBCVo=
github.com/matryer/is v1.4.1 h1:55ehd8zaGABKLXQUe2awZ99BD/PTc2ls+KV/dXphgEQ=
github.com/matryer/is v1.4.1/go.mod h1:8I/i5uYgLzgsgEloJE1U6xx5HkBQpAZvepWuujKwMRU=
github.com/x448/float16 v0.8.4/go.mod h1:14CWIYCyZA/cWjXOioeEpHeN/83MdbZDRQHoFcYsOfg=
